<?xml version="1.0" encoding="utf-8"?>
<Project ToolsVersion="4.0" xmlns="http://schemas.microsoft.com/developer/msbuild/2003">
  <ItemGroup>
    <Filter Include="소스 파일">
      <UniqueIdentifier>{4FC737F1-C7A5-4376-A066-2A32D752A2FF}</UniqueIdentifier>
      <Extensions>cpp;c;cc;cxx;c++;cppm;ixx;def;odl;idl;hpj;bat;asm;asmx</Extensions>
    </Filter>
    <Filter Include="헤더 파일">
      <UniqueIdentifier>{93995380-89BD-4b04-88EB-625FBE52EBFB}</UniqueIdentifier>
      <Extensions>h;hh;hpp;hxx;h++;hm;inl;inc;ipp;xsd</Extensions>
    </Filter>
    <Filter Include="리소스 파일">
      <UniqueIdentifier>{67DA6AB6-F800-4c08-8B7A-83BB121AAD01}</UniqueIdentifier>
      <Extensions>rc;ico;cur;bmp;dlg;rc2;rct;bin;rgs;gif;jpg;jpeg;jpe;resx;tiff;tif;png;wav;mfcribbon-ms</Extensions>
    </Filter>
    <Filter Include="DirectX">
      <UniqueIdentifier>{5963ceb3-e167-4419-b013-cf3532711213}</UniqueIdentifier>
    </Filter>
    <Filter Include="Manager">
      <UniqueIdentifier>{c2002175-9e44-4788-98e8-f82baf182904}</UniqueIdentifier>
    </Filter>
    <Filter Include="Math">
      <UniqueIdentifier>{d42a8f19-ab84-470a-ad17-217bb35dbfe5}</UniqueIdentifier>
    </Filter>
    <Filter Include="Utility">
      <UniqueIdentifier>{1961ff41-a63b-49a0-8f6a-054b7e291cc2}</UniqueIdentifier>
    </Filter>
    <Filter Include="Camera">
      <UniqueIdentifier>{3d195819-1edb-4d46-a78c-dc69c46bb386}</UniqueIdentifier>
    </Filter>
    <Filter Include="Object">
      <UniqueIdentifier>{00bd1677-1fe5-4315-838d-e13dbce9afdd}</UniqueIdentifier>
    </Filter>
    <Filter Include="FBX">
      <UniqueIdentifier>{7a0f0b94-e9f1-4707-8855-e6408f4b55ae}</UniqueIdentifier>
    </Filter>
  </ItemGroup>
  <ItemGroup>
    <ClInclude Include="GameWindow.h">
      <Filter>헤더 파일</Filter>
    </ClInclude>
    <ClInclude Include="GameCore.h">
      <Filter>헤더 파일</Filter>
    </ClInclude>
    <ClInclude Include="RenderToTexture.h">
      <Filter>헤더 파일</Filter>
    </ClInclude>
    <ClInclude Include="Node.h">
      <Filter>헤더 파일</Filter>
    </ClInclude>
    <ClInclude Include="QuadTree.h">
      <Filter>헤더 파일</Filter>
    </ClInclude>
    <ClInclude Include="HeightMap.h">
      <Filter>헤더 파일</Filter>
    </ClInclude>
    <ClInclude Include="Camera\Camera2D.h">
      <Filter>Camera</Filter>
    </ClInclude>
    <ClInclude Include="Camera\Camera3D.h">
      <Filter>Camera</Filter>
    </ClInclude>
    <ClInclude Include="Camera\DebugCamera.h">
      <Filter>Camera</Filter>
    </ClInclude>
    <ClInclude Include="Camera\DefaultCamera.h">
      <Filter>Camera</Filter>
    </ClInclude>
    <ClInclude Include="Math\Collision.h">
      <Filter>Math</Filter>
    </ClInclude>
    <ClInclude Include="Math\Frustum.h">
      <Filter>Math</Filter>
    </ClInclude>
    <ClInclude Include="Math\MathLib.h">
      <Filter>Math</Filter>
    </ClInclude>
    <ClInclude Include="Manager\ShaderManager.h">
      <Filter>Manager</Filter>
    </ClInclude>
    <ClInclude Include="Manager\SoundManager.h">
      <Filter>Manager</Filter>
    </ClInclude>
    <ClInclude Include="Manager\TextureManager.h">
      <Filter>Manager</Filter>
    </ClInclude>
    <ClInclude Include="FBX\Character.h">
      <Filter>FBX</Filter>
    </ClInclude>
    <ClInclude Include="FBX\FbxEntity.h">
      <Filter>FBX</Filter>
    </ClInclude>
    <ClInclude Include="FBX\FbxObjMesh.h">
      <Filter>FBX</Filter>
    </ClInclude>
    <ClInclude Include="FBX\FbxSceneLoader.h">
      <Filter>FBX</Filter>
    </ClInclude>
    <ClInclude Include="DirectX\Device.h">
      <Filter>DirectX</Filter>
    </ClInclude>
    <ClInclude Include="DirectX\DxState.h">
      <Filter>DirectX</Filter>
    </ClInclude>
    <ClInclude Include="DirectX\Shader.h">
      <Filter>DirectX</Filter>
    </ClInclude>
    <ClInclude Include="DirectX\Texture.h">
      <Filter>DirectX</Filter>
    </ClInclude>
    <ClInclude Include="DirectX\Writer.h">
      <Filter>DirectX</Filter>
    </ClInclude>
    <ClInclude Include="Object\BaseObject.h">
      <Filter>Object</Filter>
    </ClInclude>
    <ClInclude Include="Object\GameMap.h">
      <Filter>Object</Filter>
    </ClInclude>
    <ClInclude Include="Object\Object2D.h">
      <Filter>Object</Filter>
    </ClInclude>
    <ClInclude Include="Object\Object3D.h">
      <Filter>Object</Filter>
    </ClInclude>
    <ClInclude Include="Object\ObjectMesh.h">
      <Filter>Object</Filter>
    </ClInclude>
    <ClInclude Include="Utility\GameSound.h">
      <Filter>Utility</Filter>
    </ClInclude>
    <ClInclude Include="Utility\Input.h">
      <Filter>Utility</Filter>
    </ClInclude>
    <ClInclude Include="Utility\Picking.h">
      <Filter>Utility</Filter>
    </ClInclude>
    <ClInclude Include="Utility\ReSUtility.h">
      <Filter>Utility</Filter>
    </ClInclude>
    <ClInclude Include="Utility\Timer.h">
      <Filter>Utility</Filter>
    </ClInclude>
  </ItemGroup>
  <ItemGroup>
    <ClCompile Include="GameWindow.cpp">
      <Filter>소스 파일</Filter>
    </ClCompile>
    <ClCompile Include="GameCore.cpp">
      <Filter>소스 파일</Filter>
    </ClCompile>
    <ClCompile Include="RenderToTexture.cpp">
      <Filter>소스 파일</Filter>
    </ClCompile>
    <ClCompile Include="Node.cpp">
      <Filter>소스 파일</Filter>
    </ClCompile>
    <ClCompile Include="QuadTree.cpp">
      <Filter>소스 파일</Filter>
    </ClCompile>
    <ClCompile Include="HeightMap.cpp">
      <Filter>소스 파일</Filter>
    </ClCompile>
    <ClCompile Include="Camera\Camera2D.cpp">
      <Filter>Camera</Filter>
    </ClCompile>
    <ClCompile Include="Camera\Camera3D.cpp">
      <Filter>Camera</Filter>
    </ClCompile>
    <ClCompile Include="Camera\DebugCamera.cpp">
      <Filter>Camera</Filter>
    </ClCompile>
    <ClCompile Include="Camera\DefaultCamera.cpp">
      <Filter>Camera</Filter>
    </ClCompile>
    <ClCompile Include="Math\Collision.cpp">
      <Filter>Math</Filter>
    </ClCompile>
    <ClCompile Include="Math\Frustum.cpp">
      <Filter>Math</Filter>
    </ClCompile>
    <ClCompile Include="Math\MathLib.cpp">
      <Filter>Math</Filter>
    </ClCompile>
    <ClCompile Include="Manager\ShaderManager.cpp">
      <Filter>Manager</Filter>
    </ClCompile>
    <ClCompile Include="Manager\SoundManager.cpp">
      <Filter>Manager</Filter>
    </ClCompile>
    <ClCompile Include="Manager\TextureManager.cpp">
      <Filter>Manager</Filter>
    </ClCompile>
    <ClCompile Include="FBX\Character.cpp">
      <Filter>FBX</Filter>
    </ClCompile>
    <ClCompile Include="FBX\FbxEntity.cpp">
      <Filter>FBX</Filter>
    </ClCompile>
    <ClCompile Include="FBX\FbxObjMesh.cpp">
      <Filter>FBX</Filter>
    </ClCompile>
    <ClCompile Include="FBX\FbxSceneLoader.cpp">
      <Filter>FBX</Filter>
    </ClCompile>
    <ClCompile Include="DirectX\Device.cpp">
      <Filter>DirectX</Filter>
    </ClCompile>
    <ClCompile Include="DirectX\DxState.cpp">
      <Filter>DirectX</Filter>
    </ClCompile>
    <ClCompile Include="DirectX\Shader.cpp">
      <Filter>DirectX</Filter>
    </ClCompile>
    <ClCompile Include="DirectX\Texture.cpp">
      <Filter>DirectX</Filter>
    </ClCompile>
    <ClCompile Include="DirectX\Writer.cpp">
      <Filter>DirectX</Filter>
    </ClCompile>
    <ClCompile Include="Object\BaseObject.cpp">
      <Filter>Object</Filter>
    </ClCompile>
    <ClCompile Include="Object\GameMap.cpp">
      <Filter>Object</Filter>
    </ClCompile>
    <ClCompile Include="Object\Object2D.cpp">
      <Filter>Object</Filter>
    </ClCompile>
    <ClCompile Include="Object\Object3D.cpp">
      <Filter>Object</Filter>
    </ClCompile>
    <ClCompile Include="Object\ObjectMesh.cpp">
      <Filter>Object</Filter>
    </ClCompile>
    <ClCompile Include="Utility\GameSound.cpp">
      <Filter>Utility</Filter>
    </ClCompile>
    <ClCompile Include="Utility\Input.cpp">
      <Filter>Utility</Filter>
    </ClCompile>
    <ClCompile Include="Utility\Picking.cpp">
      <Filter>Utility</Filter>
    </ClCompile>
    <ClCompile Include="Utility\Timer.cpp">
      <Filter>Utility</Filter>
    </ClCompile>
  </ItemGroup>
</Project>